// !$*UTF8*$!
{
	archiveVersion = 1;
	classes = {
	};
	objectVersion = 56;
	objects = {

/* Begin PBXBuildFile section */
		FE0B4DB92BF8433E00FFDEAD /* SafariWebExtensionHandler.swift in Sources */ = {isa = PBXBuildFile; fileRef = FE0B4DB82BF8433E00FFDEAD /* SafariWebExtensionHandler.swift */; };
		FE0B4DCF2BF8433E00FFDEAD /* Whenplane Web Extension (macOS).appex in Embed Foundation Extensions */ = {isa = PBXBuildFile; fileRef = FE0B4DB62BF8433E00FFDEAD /* Whenplane Web Extension (macOS).appex */; settings = {ATTRIBUTES = (RemoveHeadersOnCopy, ); }; };
		FE0B4DDC2BF8441700FFDEAD /* release.md in Resources */ = {isa = PBXBuildFile; fileRef = FE0B4DD32BF8441700FFDEAD /* release.md */; };
		FE0B4DDD2BF8441700FFDEAD /* about.js in Resources */ = {isa = PBXBuildFile; fileRef = FE0B4DD42BF8441700FFDEAD /* about.js */; };
		FE0B4DDE2BF8441700FFDEAD /* css in Resources */ = {isa = PBXBuildFile; fileRef = FE0B4DD52BF8441700FFDEAD /* css */; };
		FE0B4DDF2BF8441700FFDEAD /* about.html in Resources */ = {isa = PBXBuildFile; fileRef = FE0B4DD62BF8441700FFDEAD /* about.html */; };
		FE0B4DE02BF8441700FFDEAD /* icons in Resources */ = {isa = PBXBuildFile; fileRef = FE0B4DD72BF8441700FFDEAD /* icons */; };
		FE0B4DE12BF8441700FFDEAD /* manifest.json in Resources */ = {isa = PBXBuildFile; fileRef = FE0B4DD82BF8441700FFDEAD /* manifest.json */; };
		FE0B4DE22BF8441700FFDEAD /* README.md in Resources */ = {isa = PBXBuildFile; fileRef = FE0B4DD92BF8441700FFDEAD /* README.md */; };
		FE0B4DE32BF8441700FFDEAD /* screenshots in Resources */ = {isa = PBXBuildFile; fileRef = FE0B4DDA2BF8441700FFDEAD /* screenshots */; };
		FE0B4DE42BF8441700FFDEAD /* inserter.js in Resources */ = {isa = PBXBuildFile; fileRef = FE0B4DDB2BF8441700FFDEAD /* inserter.js */; };
		FE2784192BF828F700410EAB /* CountdownView.swift in Sources */ = {isa = PBXBuildFile; fileRef = FE2784182BF828F700410EAB /* CountdownView.swift */; };
		FE27841B2BF82AD200410EAB /* PlatformStatusView.swift in Sources */ = {isa = PBXBuildFile; fileRef = FE27841A2BF82AD200410EAB /* PlatformStatusView.swift */; };
		FE2C81BB2BEF1CE9000E1EE1 /* WhenplaneApp.swift in Sources */ = {isa = PBXBuildFile; fileRef = FE2C81BA2BEF1CE9000E1EE1 /* WhenplaneApp.swift */; };
		FE2C81BD2BEF1CE9000E1EE1 /* ContentView.swift in Sources */ = {isa = PBXBuildFile; fileRef = FE2C81BC2BEF1CE9000E1EE1 /* ContentView.swift */; };
		FE2C81BF2BEF1CED000E1EE1 /* Assets.xcassets in Resources */ = {isa = PBXBuildFile; fileRef = FE2C81BE2BEF1CED000E1EE1 /* Assets.xcassets */; };
		FE2C81C32BEF1CED000E1EE1 /* Preview Assets.xcassets in Resources */ = {isa = PBXBuildFile; fileRef = FE2C81C22BEF1CED000E1EE1 /* Preview Assets.xcassets */; };
		FE2C81F42BEF43F7000E1EE1 /* Intents.intentdefinition in Sources */ = {isa = PBXBuildFile; fileRef = FE2C81F32BEF43F7000E1EE1 /* Intents.intentdefinition */; };
		FEED571D2BF8513700CD786E /* Intents.intentdefinition in Sources */ = {isa = PBXBuildFile; fileRef = FE2C81F32BEF43F7000E1EE1 /* Intents.intentdefinition */; };
		FEED571E2BF8513700CD786E /* ContentView.swift in Sources */ = {isa = PBXBuildFile; fileRef = FE2C81BC2BEF1CE9000E1EE1 /* ContentView.swift */; };
		FEED571F2BF8513700CD786E /* CountdownView.swift in Sources */ = {isa = PBXBuildFile; fileRef = FE2784182BF828F700410EAB /* CountdownView.swift */; };
		FEED57202BF8513700CD786E /* PlatformStatusView.swift in Sources */ = {isa = PBXBuildFile; fileRef = FE27841A2BF82AD200410EAB /* PlatformStatusView.swift */; };
		FEED57212BF8513700CD786E /* WhenplaneApp.swift in Sources */ = {isa = PBXBuildFile; fileRef = FE2C81BA2BEF1CE9000E1EE1 /* WhenplaneApp.swift */; };
		FEED57242BF8513700CD786E /* Preview Assets.xcassets in Resources */ = {isa = PBXBuildFile; fileRef = FE2C81C22BEF1CED000E1EE1 /* Preview Assets.xcassets */; };
		FEED57252BF8513700CD786E /* Assets.xcassets in Resources */ = {isa = PBXBuildFile; fileRef = FE2C81BE2BEF1CED000E1EE1 /* Assets.xcassets */; };
		FEED572F2BF8515A00CD786E /* SafariWebExtensionHandler.swift in Sources */ = {isa = PBXBuildFile; fileRef = FE0B4DB82BF8433E00FFDEAD /* SafariWebExtensionHandler.swift */; };
		FEED57322BF8515A00CD786E /* about.html in Resources */ = {isa = PBXBuildFile; fileRef = FE0B4DD62BF8441700FFDEAD /* about.html */; };
		FEED57332BF8515A00CD786E /* css in Resources */ = {isa = PBXBuildFile; fileRef = FE0B4DD52BF8441700FFDEAD /* css */; };
		FEED57342BF8515A00CD786E /* about.js in Resources */ = {isa = PBXBuildFile; fileRef = FE0B4DD42BF8441700FFDEAD /* about.js */; };
		FEED57352BF8515A00CD786E /* inserter.js in Resources */ = {isa = PBXBuildFile; fileRef = FE0B4DDB2BF8441700FFDEAD /* inserter.js */; };
		FEED57362BF8515A00CD786E /* README.md in Resources */ = {isa = PBXBuildFile; fileRef = FE0B4DD92BF8441700FFDEAD /* README.md */; };
		FEED57372BF8515A00CD786E /* screenshots in Resources */ = {isa = PBXBuildFile; fileRef = FE0B4DDA2BF8441700FFDEAD /* screenshots */; };
		FEED57382BF8515A00CD786E /* icons in Resources */ = {isa = PBXBuildFile; fileRef = FE0B4DD72BF8441700FFDEAD /* icons */; };
		FEED57392BF8515A00CD786E /* manifest.json in Resources */ = {isa = PBXBuildFile; fileRef = FE0B4DD82BF8441700FFDEAD /* manifest.json */; };
		FEED573A2BF8515A00CD786E /* release.md in Resources */ = {isa = PBXBuildFile; fileRef = FE0B4DD32BF8441700FFDEAD /* release.md */; };
		FEED57402BF8528200CD786E /* Whenplane Web Extension (iOS).appex in Embed Foundation Extensions */ = {isa = PBXBuildFile; fileRef = FEED573E2BF8515A00CD786E /* Whenplane Web Extension (iOS).appex */; settings = {ATTRIBUTES = (RemoveHeadersOnCopy, ); }; };
/* End PBXBuildFile section */

/* Begin PBXContainerItemProxy section */
		FE0B4DCD2BF8433E00FFDEAD /* PBXContainerItemProxy */ = {
			isa = PBXContainerItemProxy;
			containerPortal = FE2C81AF2BEF1CE9000E1EE1 /* Project object */;
			proxyType = 1;
			remoteGlobalIDString = FE0B4DB52BF8433E00FFDEAD;
			remoteInfo = "Whenplane Web Extension";
		};
		FEED57412BF8528200CD786E /* PBXContainerItemProxy */ = {
			isa = PBXContainerItemProxy;
			containerPortal = FE2C81AF2BEF1CE9000E1EE1 /* Project object */;
			proxyType = 1;
			remoteGlobalIDString = FEED572D2BF8515A00CD786E;
			remoteInfo = "Whenplane Web Extension (iOS)";
		};
/* End PBXContainerItemProxy section */

/* Begin PBXCopyFilesBuildPhase section */
		FE2C81F22BEF41F9000E1EE1 /* Embed Foundation Extensions */ = {
			isa = PBXCopyFilesBuildPhase;
			buildActionMask = 2147483647;
			dstPath = "";
			dstSubfolderSpec = 13;
			files = (
				FE0B4DCF2BF8433E00FFDEAD /* Whenplane Web Extension (macOS).appex in Embed Foundation Extensions */,
			);
			name = "Embed Foundation Extensions";
			runOnlyForDeploymentPostprocessing = 0;
		};
		FEED57432BF8528200CD786E /* Embed Foundation Extensions */ = {
			isa = PBXCopyFilesBuildPhase;
			buildActionMask = 2147483647;
			dstPath = "";
			dstSubfolderSpec = 13;
			files = (
				FEED57402BF8528200CD786E /* Whenplane Web Extension (iOS).appex in Embed Foundation Extensions */,
			);
			name = "Embed Foundation Extensions";
			runOnlyForDeploymentPostprocessing = 0;
		};
/* End PBXCopyFilesBuildPhase section */

/* Begin PBXFileReference section */
		FE0B4DB62BF8433E00FFDEAD /* Whenplane Web Extension (macOS).appex */ = {isa = PBXFileReference; explicitFileType = "wrapper.app-extension"; includeInIndex = 0; path = "Whenplane Web Extension (macOS).appex"; sourceTree = BUILT_PRODUCTS_DIR; };
		FE0B4DB82BF8433E00FFDEAD /* SafariWebExtensionHandler.swift */ = {isa = PBXFileReference; lastKnownFileType = sourcecode.swift; path = SafariWebExtensionHandler.swift; sourceTree = "<group>"; };
		FE0B4DCB2BF8433E00FFDEAD /* Info.plist */ = {isa = PBXFileReference; lastKnownFileType = text.plist.xml; path = Info.plist; sourceTree = "<group>"; };
		FE0B4DCC2BF8433E00FFDEAD /* Whenplane_Web_Extension.entitlements */ = {isa = PBXFileReference; lastKnownFileType = text.plist.entitlements; path = Whenplane_Web_Extension.entitlements; sourceTree = "<group>"; };
		FE0B4DD32BF8441700FFDEAD /* release.md */ = {isa = PBXFileReference; fileEncoding = 4; lastKnownFileType = net.daringfireball.markdown; path = release.md; sourceTree = "<group>"; };
		FE0B4DD42BF8441700FFDEAD /* about.js */ = {isa = PBXFileReference; fileEncoding = 4; lastKnownFileType = sourcecode.javascript; path = about.js; sourceTree = "<group>"; };
		FE0B4DD52BF8441700FFDEAD /* css */ = {isa = PBXFileReference; lastKnownFileType = folder; path = css; sourceTree = "<group>"; };
		FE0B4DD62BF8441700FFDEAD /* about.html */ = {isa = PBXFileReference; fileEncoding = 4; lastKnownFileType = text.html; path = about.html; sourceTree = "<group>"; };
		FE0B4DD72BF8441700FFDEAD /* icons */ = {isa = PBXFileReference; lastKnownFileType = folder; path = icons; sourceTree = "<group>"; };
		FE0B4DD82BF8441700FFDEAD /* manifest.json */ = {isa = PBXFileReference; fileEncoding = 4; lastKnownFileType = text.json; path = manifest.json; sourceTree = "<group>"; };
		FE0B4DD92BF8441700FFDEAD /* README.md */ = {isa = PBXFileReference; fileEncoding = 4; lastKnownFileType = net.daringfireball.markdown; path = README.md; sourceTree = "<group>"; };
		FE0B4DDA2BF8441700FFDEAD /* screenshots */ = {isa = PBXFileReference; lastKnownFileType = folder; path = screenshots; sourceTree = "<group>"; };
		FE0B4DDB2BF8441700FFDEAD /* inserter.js */ = {isa = PBXFileReference; fileEncoding = 4; lastKnownFileType = sourcecode.javascript; path = inserter.js; sourceTree = "<group>"; };
		FE0B4DEA2BF8489400FFDEAD /* WidgetKit.framework */ = {isa = PBXFileReference; lastKnownFileType = wrapper.framework; name = WidgetKit.framework; path = /System/Library/Frameworks/WidgetKit.framework; sourceTree = "<absolute>"; };
		FE0B4DEC2BF8489400FFDEAD /* SwiftUI.framework */ = {isa = PBXFileReference; lastKnownFileType = wrapper.framework; name = SwiftUI.framework; path = /System/Library/Frameworks/SwiftUI.framework; sourceTree = "<absolute>"; };
		FE2784182BF828F700410EAB /* CountdownView.swift */ = {isa = PBXFileReference; lastKnownFileType = sourcecode.swift; path = CountdownView.swift; sourceTree = "<group>"; };
		FE27841A2BF82AD200410EAB /* PlatformStatusView.swift */ = {isa = PBXFileReference; lastKnownFileType = sourcecode.swift; path = PlatformStatusView.swift; sourceTree = "<group>"; };
		FE27841C2BF8368C00410EAB /* README.md */ = {isa = PBXFileReference; lastKnownFileType = net.daringfireball.markdown; path = README.md; sourceTree = "<group>"; };
		FE2C81B72BEF1CE9000E1EE1 /* Whenplane (macOS).app */ = {isa = PBXFileReference; explicitFileType = wrapper.application; includeInIndex = 0; path = "Whenplane (macOS).app"; sourceTree = BUILT_PRODUCTS_DIR; };
		FE2C81BA2BEF1CE9000E1EE1 /* WhenplaneApp.swift */ = {isa = PBXFileReference; lastKnownFileType = sourcecode.swift; path = WhenplaneApp.swift; sourceTree = "<group>"; };
		FE2C81BC2BEF1CE9000E1EE1 /* ContentView.swift */ = {isa = PBXFileReference; lastKnownFileType = sourcecode.swift; path = ContentView.swift; sourceTree = "<group>"; };
		FE2C81BE2BEF1CED000E1EE1 /* Assets.xcassets */ = {isa = PBXFileReference; lastKnownFileType = folder.assetcatalog; path = Assets.xcassets; sourceTree = "<group>"; };
		FE2C81C02BEF1CED000E1EE1 /* Whenplane.entitlements */ = {isa = PBXFileReference; lastKnownFileType = text.plist.entitlements; path = Whenplane.entitlements; sourceTree = "<group>"; };
		FE2C81C22BEF1CED000E1EE1 /* Preview Assets.xcassets */ = {isa = PBXFileReference; lastKnownFileType = folder.assetcatalog; path = "Preview Assets.xcassets"; sourceTree = "<group>"; };
		FE2C81F32BEF43F7000E1EE1 /* Intents.intentdefinition */ = {isa = PBXFileReference; lastKnownFileType = file.intentdefinition; path = Intents.intentdefinition; sourceTree = "<group>"; };
		FEED572B2BF8513700CD786E /* Whenplane (iOS).app */ = {isa = PBXFileReference; explicitFileType = wrapper.application; includeInIndex = 0; path = "Whenplane (iOS).app"; sourceTree = BUILT_PRODUCTS_DIR; };
		FEED572C2BF8513700CD786E /* Whenplane iOS.plist */ = {isa = PBXFileReference; lastKnownFileType = text.plist.xml; name = "Whenplane iOS.plist"; path = "/Users/ryanmorash/Developer/Whenplane/Whenplane iOS.plist"; sourceTree = "<absolute>"; };
		FEED573E2BF8515A00CD786E /* Whenplane Web Extension (iOS).appex */ = {isa = PBXFileReference; explicitFileType = "wrapper.app-extension"; includeInIndex = 0; path = "Whenplane Web Extension (iOS).appex"; sourceTree = BUILT_PRODUCTS_DIR; };
		FEED573F2BF8515A00CD786E /* Whenplane Web Extension iOS.plist */ = {isa = PBXFileReference; lastKnownFileType = text.plist.xml; name = "Whenplane Web Extension iOS.plist"; path = "/Users/ryanmorash/Developer/Whenplane/Whenplane Web Extension iOS.plist"; sourceTree = "<absolute>"; };
/* End PBXFileReference section */

/* Begin PBXFrameworksBuildPhase section */
		FE0B4DB32BF8433E00FFDEAD /* Frameworks */ = {
			isa = PBXFrameworksBuildPhase;
			buildActionMask = 2147483647;
			files = (
			);
			runOnlyForDeploymentPostprocessing = 0;
		};
		FE2C81B42BEF1CE9000E1EE1 /* Frameworks */ = {
			isa = PBXFrameworksBuildPhase;
			buildActionMask = 2147483647;
			files = (
			);
			runOnlyForDeploymentPostprocessing = 0;
		};
		FEED57222BF8513700CD786E /* Frameworks */ = {
			isa = PBXFrameworksBuildPhase;
			buildActionMask = 2147483647;
			files = (
			);
			runOnlyForDeploymentPostprocessing = 0;
		};
		FEED57302BF8515A00CD786E /* Frameworks */ = {
			isa = PBXFrameworksBuildPhase;
			buildActionMask = 2147483647;
			files = (
			);
			runOnlyForDeploymentPostprocessing = 0;
		};
/* End PBXFrameworksBuildPhase section */

/* Begin PBXGroup section */
		FE0B4DB72BF8433E00FFDEAD /* Whenplane Web Extension */ = {
			isa = PBXGroup;
			children = (
				FE0B4DB82BF8433E00FFDEAD /* SafariWebExtensionHandler.swift */,
				FE0B4DCB2BF8433E00FFDEAD /* Info.plist */,
				FEED573F2BF8515A00CD786E /* Whenplane Web Extension iOS.plist */,
				FE0B4DCC2BF8433E00FFDEAD /* Whenplane_Web_Extension.entitlements */,
				FE0B4DBA2BF8433E00FFDEAD /* Resources */,
			);
			path = "Whenplane Web Extension";
			sourceTree = "<group>";
		};
		FE0B4DBA2BF8433E00FFDEAD /* Resources */ = {
			isa = PBXGroup;
			children = (
				FE0B4DD62BF8441700FFDEAD /* about.html */,
				FE0B4DD42BF8441700FFDEAD /* about.js */,
				FE0B4DD52BF8441700FFDEAD /* css */,
				FE0B4DD72BF8441700FFDEAD /* icons */,
				FE0B4DDB2BF8441700FFDEAD /* inserter.js */,
				FE0B4DD82BF8441700FFDEAD /* manifest.json */,
				FE0B4DD92BF8441700FFDEAD /* README.md */,
				FE0B4DD32BF8441700FFDEAD /* release.md */,
				FE0B4DDA2BF8441700FFDEAD /* screenshots */,
			);
			path = Resources;
			sourceTree = "<group>";
		};
		FE2784172BF8286900410EAB /* Views */ = {
			isa = PBXGroup;
			children = (
				FE2C81BC2BEF1CE9000E1EE1 /* ContentView.swift */,
				FE2784182BF828F700410EAB /* CountdownView.swift */,
				FE27841A2BF82AD200410EAB /* PlatformStatusView.swift */,
			);
			path = Views;
			sourceTree = "<group>";
		};
		FE2C81AE2BEF1CE9000E1EE1 = {
			isa = PBXGroup;
			children = (
				FE27841C2BF8368C00410EAB /* README.md */,
				FE2C81B92BEF1CE9000E1EE1 /* Whenplane */,
				FE0B4DB72BF8433E00FFDEAD /* Whenplane Web Extension */,
				FE2C81D12BEF41F8000E1EE1 /* Frameworks */,
				FE2C81B82BEF1CE9000E1EE1 /* Products */,
			);
			sourceTree = "<group>";
		};
		FE2C81B82BEF1CE9000E1EE1 /* Products */ = {
			isa = PBXGroup;
			children = (
				FE2C81B72BEF1CE9000E1EE1 /* Whenplane (macOS).app */,
				FE0B4DB62BF8433E00FFDEAD /* Whenplane Web Extension (macOS).appex */,
				FEED572B2BF8513700CD786E /* Whenplane (iOS).app */,
				FEED573E2BF8515A00CD786E /* Whenplane Web Extension (iOS).appex */,
			);
			name = Products;
			sourceTree = "<group>";
		};
		FE2C81B92BEF1CE9000E1EE1 /* Whenplane */ = {
			isa = PBXGroup;
			children = (
				FE2784172BF8286900410EAB /* Views */,
				FE2C81BA2BEF1CE9000E1EE1 /* WhenplaneApp.swift */,
				FE2C81BE2BEF1CED000E1EE1 /* Assets.xcassets */,
				FE2C81C02BEF1CED000E1EE1 /* Whenplane.entitlements */,
				FE2C81C12BEF1CED000E1EE1 /* Preview Content */,
				FE2C81F32BEF43F7000E1EE1 /* Intents.intentdefinition */,
				FEED572C2BF8513700CD786E /* Whenplane iOS.plist */,
			);
			path = Whenplane;
			sourceTree = "<group>";
		};
		FE2C81C12BEF1CED000E1EE1 /* Preview Content */ = {
			isa = PBXGroup;
			children = (
				FE2C81C22BEF1CED000E1EE1 /* Preview Assets.xcassets */,
			);
			path = "Preview Content";
			sourceTree = "<group>";
		};
		FE2C81D12BEF41F8000E1EE1 /* Frameworks */ = {
			isa = PBXGroup;
			children = (
				FE0B4DEA2BF8489400FFDEAD /* WidgetKit.framework */,
				FE0B4DEC2BF8489400FFDEAD /* SwiftUI.framework */,
			);
			name = Frameworks;
			sourceTree = "<group>";
		};
/* End PBXGroup section */

/* Begin PBXNativeTarget section */
		FE0B4DB52BF8433E00FFDEAD /* Whenplane Web Extension (macOS) */ = {
			isa = PBXNativeTarget;
			buildConfigurationList = FE0B4DD22BF8433E00FFDEAD /* Build configuration list for PBXNativeTarget "Whenplane Web Extension (macOS)" */;
			buildPhases = (
				FE0B4DB22BF8433E00FFDEAD /* Sources */,
				FE0B4DB32BF8433E00FFDEAD /* Frameworks */,
				FE0B4DB42BF8433E00FFDEAD /* Resources */,
			);
			buildRules = (
			);
			dependencies = (
			);
			name = "Whenplane Web Extension (macOS)";
			productName = "Whenplane Web Extension";
			productReference = FE0B4DB62BF8433E00FFDEAD /* Whenplane Web Extension (macOS).appex */;
			productType = "com.apple.product-type.app-extension";
		};
		FE2C81B62BEF1CE9000E1EE1 /* Whenplane (macOS) */ = {
			isa = PBXNativeTarget;
			buildConfigurationList = FE2C81C62BEF1CED000E1EE1 /* Build configuration list for PBXNativeTarget "Whenplane (macOS)" */;
			buildPhases = (
				FE2C81B32BEF1CE9000E1EE1 /* Sources */,
				FE2C81B42BEF1CE9000E1EE1 /* Frameworks */,
				FE2C81B52BEF1CE9000E1EE1 /* Resources */,
				FE2C81F22BEF41F9000E1EE1 /* Embed Foundation Extensions */,
			);
			buildRules = (
			);
			dependencies = (
				FE0B4DCE2BF8433E00FFDEAD /* PBXTargetDependency */,
			);
			name = "Whenplane (macOS)";
			productName = Whenplane;
			productReference = FE2C81B72BEF1CE9000E1EE1 /* Whenplane (macOS).app */;
			productType = "com.apple.product-type.application";
		};
		FEED57192BF8513700CD786E /* Whenplane (iOS) */ = {
			isa = PBXNativeTarget;
			buildConfigurationList = FEED57282BF8513700CD786E /* Build configuration list for PBXNativeTarget "Whenplane (iOS)" */;
			buildPhases = (
				FEED571C2BF8513700CD786E /* Sources */,
				FEED57222BF8513700CD786E /* Frameworks */,
				FEED57232BF8513700CD786E /* Resources */,
				FEED57432BF8528200CD786E /* Embed Foundation Extensions */,
			);
			buildRules = (
			);
			dependencies = (
				FEED57422BF8528200CD786E /* PBXTargetDependency */,
			);
			name = "Whenplane (iOS)";
			productName = Whenplane;
			productReference = FEED572B2BF8513700CD786E /* Whenplane (iOS).app */;
			productType = "com.apple.product-type.application";
		};
		FEED572D2BF8515A00CD786E /* Whenplane Web Extension (iOS) */ = {
			isa = PBXNativeTarget;
			buildConfigurationList = FEED573B2BF8515A00CD786E /* Build configuration list for PBXNativeTarget "Whenplane Web Extension (iOS)" */;
			buildPhases = (
				FEED572E2BF8515A00CD786E /* Sources */,
				FEED57302BF8515A00CD786E /* Frameworks */,
				FEED57312BF8515A00CD786E /* Resources */,
			);
			buildRules = (
			);
			dependencies = (
			);
			name = "Whenplane Web Extension (iOS)";
			productName = "Whenplane Web Extension";
			productReference = FEED573E2BF8515A00CD786E /* Whenplane Web Extension (iOS).appex */;
			productType = "com.apple.product-type.app-extension";
		};
/* End PBXNativeTarget section */

/* Begin PBXProject section */
		FE2C81AF2BEF1CE9000E1EE1 /* Project object */ = {
			isa = PBXProject;
			attributes = {
				BuildIndependentTargetsInParallel = 1;
				LastSwiftUpdateCheck = 1540;
				LastUpgradeCheck = 1540;
				TargetAttributes = {
					FE0B4DB52BF8433E00FFDEAD = {
						CreatedOnToolsVersion = 15.4;
					};
					FE2C81B62BEF1CE9000E1EE1 = {
						CreatedOnToolsVersion = 15.3;
					};
				};
			};
			buildConfigurationList = FE2C81B22BEF1CE9000E1EE1 /* Build configuration list for PBXProject "Whenplane" */;
			compatibilityVersion = "Xcode 14.0";
			developmentRegion = en;
			hasScannedForEncodings = 0;
			knownRegions = (
				en,
				Base,
			);
			mainGroup = FE2C81AE2BEF1CE9000E1EE1;
			productRefGroup = FE2C81B82BEF1CE9000E1EE1 /* Products */;
			projectDirPath = "";
			projectRoot = "";
			targets = (
				FE2C81B62BEF1CE9000E1EE1 /* Whenplane (macOS) */,
				FE0B4DB52BF8433E00FFDEAD /* Whenplane Web Extension (macOS) */,
				FEED57192BF8513700CD786E /* Whenplane (iOS) */,
				FEED572D2BF8515A00CD786E /* Whenplane Web Extension (iOS) */,
			);
		};
/* End PBXProject section */

/* Begin PBXResourcesBuildPhase section */
		FE0B4DB42BF8433E00FFDEAD /* Resources */ = {
			isa = PBXResourcesBuildPhase;
			buildActionMask = 2147483647;
			files = (
				FE0B4DDF2BF8441700FFDEAD /* about.html in Resources */,
				FE0B4DDE2BF8441700FFDEAD /* css in Resources */,
				FE0B4DDD2BF8441700FFDEAD /* about.js in Resources */,
				FE0B4DE42BF8441700FFDEAD /* inserter.js in Resources */,
				FE0B4DE22BF8441700FFDEAD /* README.md in Resources */,
				FE0B4DE32BF8441700FFDEAD /* screenshots in Resources */,
				FE0B4DE02BF8441700FFDEAD /* icons in Resources */,
				FE0B4DE12BF8441700FFDEAD /* manifest.json in Resources */,
				FE0B4DDC2BF8441700FFDEAD /* release.md in Resources */,
			);
			runOnlyForDeploymentPostprocessing = 0;
		};
		FE2C81B52BEF1CE9000E1EE1 /* Resources */ = {
			isa = PBXResourcesBuildPhase;
			buildActionMask = 2147483647;
			files = (
				FE2C81C32BEF1CED000E1EE1 /* Preview Assets.xcassets in Resources */,
				FE2C81BF2BEF1CED000E1EE1 /* Assets.xcassets in Resources */,
			);
			runOnlyForDeploymentPostprocessing = 0;
		};
		FEED57232BF8513700CD786E /* Resources */ = {
			isa = PBXResourcesBuildPhase;
			buildActionMask = 2147483647;
			files = (
				FEED57242BF8513700CD786E /* Preview Assets.xcassets in Resources */,
				FEED57252BF8513700CD786E /* Assets.xcassets in Resources */,
			);
			runOnlyForDeploymentPostprocessing = 0;
		};
		FEED57312BF8515A00CD786E /* Resources */ = {
			isa = PBXResourcesBuildPhase;
			buildActionMask = 2147483647;
			files = (
				FEED57322BF8515A00CD786E /* about.html in Resources */,
				FEED57332BF8515A00CD786E /* css in Resources */,
				FEED57342BF8515A00CD786E /* about.js in Resources */,
				FEED57352BF8515A00CD786E /* inserter.js in Resources */,
				FEED57362BF8515A00CD786E /* README.md in Resources */,
				FEED57372BF8515A00CD786E /* screenshots in Resources */,
				FEED57382BF8515A00CD786E /* icons in Resources */,
				FEED57392BF8515A00CD786E /* manifest.json in Resources */,
				FEED573A2BF8515A00CD786E /* release.md in Resources */,
			);
			runOnlyForDeploymentPostprocessing = 0;
		};
/* End PBXResourcesBuildPhase section */

/* Begin PBXSourcesBuildPhase section */
		FE0B4DB22BF8433E00FFDEAD /* Sources */ = {
			isa = PBXSourcesBuildPhase;
			buildActionMask = 2147483647;
			files = (
				FE0B4DB92BF8433E00FFDEAD /* SafariWebExtensionHandler.swift in Sources */,
			);
			runOnlyForDeploymentPostprocessing = 0;
		};
		FE2C81B32BEF1CE9000E1EE1 /* Sources */ = {
			isa = PBXSourcesBuildPhase;
			buildActionMask = 2147483647;
			files = (
				FE2C81F42BEF43F7000E1EE1 /* Intents.intentdefinition in Sources */,
				FE2C81BD2BEF1CE9000E1EE1 /* ContentView.swift in Sources */,
				FE2784192BF828F700410EAB /* CountdownView.swift in Sources */,
				FE27841B2BF82AD200410EAB /* PlatformStatusView.swift in Sources */,
				FE2C81BB2BEF1CE9000E1EE1 /* WhenplaneApp.swift in Sources */,
			);
			runOnlyForDeploymentPostprocessing = 0;
		};
		FEED571C2BF8513700CD786E /* Sources */ = {
			isa = PBXSourcesBuildPhase;
			buildActionMask = 2147483647;
			files = (
				FEED571D2BF8513700CD786E /* Intents.intentdefinition in Sources */,
				FEED571E2BF8513700CD786E /* ContentView.swift in Sources */,
				FEED571F2BF8513700CD786E /* CountdownView.swift in Sources */,
				FEED57202BF8513700CD786E /* PlatformStatusView.swift in Sources */,
				FEED57212BF8513700CD786E /* WhenplaneApp.swift in Sources */,
			);
			runOnlyForDeploymentPostprocessing = 0;
		};
		FEED572E2BF8515A00CD786E /* Sources */ = {
			isa = PBXSourcesBuildPhase;
			buildActionMask = 2147483647;
			files = (
				FEED572F2BF8515A00CD786E /* SafariWebExtensionHandler.swift in Sources */,
			);
			runOnlyForDeploymentPostprocessing = 0;
		};
/* End PBXSourcesBuildPhase section */

/* Begin PBXTargetDependency section */
		FE0B4DCE2BF8433E00FFDEAD /* PBXTargetDependency */ = {
			isa = PBXTargetDependency;
			target = FE0B4DB52BF8433E00FFDEAD /* Whenplane Web Extension (macOS) */;
			targetProxy = FE0B4DCD2BF8433E00FFDEAD /* PBXContainerItemProxy */;
		};
		FEED57422BF8528200CD786E /* PBXTargetDependency */ = {
			isa = PBXTargetDependency;
			target = FEED572D2BF8515A00CD786E /* Whenplane Web Extension (iOS) */;
			targetProxy = FEED57412BF8528200CD786E /* PBXContainerItemProxy */;
		};
/* End PBXTargetDependency section */

/* Begin XCBuildConfiguration section */
		FE0B4DD02BF8433E00FFDEAD /* Debug */ = {
			isa = XCBuildConfiguration;
			buildSettings = {
				CODE_SIGN_ENTITLEMENTS = "Whenplane Web Extension/Whenplane_Web_Extension.entitlements";
				CODE_SIGN_STYLE = Automatic;
				CURRENT_PROJECT_VERSION = 1;
				DEVELOPMENT_TEAM = 8F4796397Y;
				ENABLE_HARDENED_RUNTIME = YES;
				GENERATE_INFOPLIST_FILE = YES;
				INFOPLIST_FILE = "Whenplane Web Extension/Info.plist";
				INFOPLIST_KEY_CFBundleDisplayName = "Whenplane Web Extension";
				INFOPLIST_KEY_NSHumanReadableCopyright = "";
				LD_RUNPATH_SEARCH_PATHS = (
					"$(inherited)",
					"@executable_path/../Frameworks",
					"@executable_path/../../../../Frameworks",
				);
				MACOSX_DEPLOYMENT_TARGET = 14.5;
				MARKETING_VERSION = 1.0;
				OTHER_LDFLAGS = (
					"-framework",
					SafariServices,
				);
				PRODUCT_BUNDLE_IDENTIFIER = "me.morash.Whenplane.Whenplane-Web-Extension";
				PRODUCT_NAME = "$(TARGET_NAME)";
				SDKROOT = macosx;
				SKIP_INSTALL = YES;
				SWIFT_EMIT_LOC_STRINGS = YES;
				SWIFT_VERSION = 5.0;
			};
			name = Debug;
		};
		FE0B4DD12BF8433E00FFDEAD /* Release */ = {
			isa = XCBuildConfiguration;
			buildSettings = {
				CODE_SIGN_ENTITLEMENTS = "Whenplane Web Extension/Whenplane_Web_Extension.entitlements";
				CODE_SIGN_STYLE = Automatic;
				CURRENT_PROJECT_VERSION = 1;
				DEVELOPMENT_TEAM = 8F4796397Y;
				ENABLE_HARDENED_RUNTIME = YES;
				GENERATE_INFOPLIST_FILE = YES;
				INFOPLIST_FILE = "Whenplane Web Extension/Info.plist";
				INFOPLIST_KEY_CFBundleDisplayName = "Whenplane Web Extension";
				INFOPLIST_KEY_NSHumanReadableCopyright = "";
				LD_RUNPATH_SEARCH_PATHS = (
					"$(inherited)",
					"@executable_path/../Frameworks",
					"@executable_path/../../../../Frameworks",
				);
				MACOSX_DEPLOYMENT_TARGET = 14.5;
				MARKETING_VERSION = 1.0;
				OTHER_LDFLAGS = (
					"-framework",
					SafariServices,
				);
				PRODUCT_BUNDLE_IDENTIFIER = "me.morash.Whenplane.Whenplane-Web-Extension";
				PRODUCT_NAME = "$(TARGET_NAME)";
				SDKROOT = macosx;
				SKIP_INSTALL = YES;
				SWIFT_EMIT_LOC_STRINGS = YES;
				SWIFT_VERSION = 5.0;
			};
			name = Release;
		};
		FE2C81C42BEF1CED000E1EE1 /* Debug */ = {
			isa = XCBuildConfiguration;
			buildSettings = {
				ALWAYS_SEARCH_USER_PATHS = NO;
				ASSETCATALOG_COMPILER_GENERATE_SWIFT_ASSET_SYMBOL_EXTENSIONS = YES;
				CLANG_ANALYZER_NONNULL = YES;
				CLANG_ANALYZER_NUMBER_OBJECT_CONVERSION = YES_AGGRESSIVE;
				CLANG_CXX_LANGUAGE_STANDARD = "gnu++20";
				CLANG_ENABLE_MODULES = YES;
				CLANG_ENABLE_OBJC_ARC = YES;
				CLANG_ENABLE_OBJC_WEAK = YES;
				CLANG_WARN_BLOCK_CAPTURE_AUTORELEASING = YES;
				CLANG_WARN_BOOL_CONVERSION = YES;
				CLANG_WARN_COMMA = YES;
				CLANG_WARN_CONSTANT_CONVERSION = YES;
				CLANG_WARN_DEPRECATED_OBJC_IMPLEMENTATIONS = YES;
				CLANG_WARN_DIRECT_OBJC_ISA_USAGE = YES_ERROR;
				CLANG_WARN_DOCUMENTATION_COMMENTS = YES;
				CLANG_WARN_EMPTY_BODY = YES;
				CLANG_WARN_ENUM_CONVERSION = YES;
				CLANG_WARN_INFINITE_RECURSION = YES;
				CLANG_WARN_INT_CONVERSION = YES;
				CLANG_WARN_NON_LITERAL_NULL_CONVERSION = YES;
				CLANG_WARN_OBJC_IMPLICIT_RETAIN_SELF = YES;
				CLANG_WARN_OBJC_LITERAL_CONVERSION = YES;
				CLANG_WARN_OBJC_ROOT_CLASS = YES_ERROR;
				CLANG_WARN_QUOTED_INCLUDE_IN_FRAMEWORK_HEADER = YES;
				CLANG_WARN_RANGE_LOOP_ANALYSIS = YES;
				CLANG_WARN_STRICT_PROTOTYPES = YES;
				CLANG_WARN_SUSPICIOUS_MOVE = YES;
				CLANG_WARN_UNGUARDED_AVAILABILITY = YES_AGGRESSIVE;
				CLANG_WARN_UNREACHABLE_CODE = YES;
				CLANG_WARN__DUPLICATE_METHOD_MATCH = YES;
				COPY_PHASE_STRIP = NO;
				DEAD_CODE_STRIPPING = YES;
				DEBUG_INFORMATION_FORMAT = dwarf;
				ENABLE_STRICT_OBJC_MSGSEND = YES;
				ENABLE_TESTABILITY = YES;
				ENABLE_USER_SCRIPT_SANDBOXING = YES;
				GCC_C_LANGUAGE_STANDARD = gnu17;
				GCC_DYNAMIC_NO_PIC = NO;
				GCC_NO_COMMON_BLOCKS = YES;
				GCC_OPTIMIZATION_LEVEL = 0;
				GCC_PREPROCESSOR_DEFINITIONS = (
					"DEBUG=1",
					"$(inherited)",
				);
				GCC_WARN_64_TO_32_BIT_CONVERSION = YES;
				GCC_WARN_ABOUT_RETURN_TYPE = YES_ERROR;
				GCC_WARN_UNDECLARED_SELECTOR = YES;
				GCC_WARN_UNINITIALIZED_AUTOS = YES_AGGRESSIVE;
				GCC_WARN_UNUSED_FUNCTION = YES;
				GCC_WARN_UNUSED_VARIABLE = YES;
				LOCALIZATION_PREFERS_STRING_CATALOGS = YES;
				MTL_ENABLE_DEBUG_INFO = INCLUDE_SOURCE;
				MTL_FAST_MATH = YES;
				ONLY_ACTIVE_ARCH = YES;
				SWIFT_ACTIVE_COMPILATION_CONDITIONS = "DEBUG $(inherited)";
				SWIFT_OPTIMIZATION_LEVEL = "-Onone";
			};
			name = Debug;
		};
		FE2C81C52BEF1CED000E1EE1 /* Release */ = {
			isa = XCBuildConfiguration;
			buildSettings = {
				ALWAYS_SEARCH_USER_PATHS = NO;
				ASSETCATALOG_COMPILER_GENERATE_SWIFT_ASSET_SYMBOL_EXTENSIONS = YES;
				CLANG_ANALYZER_NONNULL = YES;
				CLANG_ANALYZER_NUMBER_OBJECT_CONVERSION = YES_AGGRESSIVE;
				CLANG_CXX_LANGUAGE_STANDARD = "gnu++20";
				CLANG_ENABLE_MODULES = YES;
				CLANG_ENABLE_OBJC_ARC = YES;
				CLANG_ENABLE_OBJC_WEAK = YES;
				CLANG_WARN_BLOCK_CAPTURE_AUTORELEASING = YES;
				CLANG_WARN_BOOL_CONVERSION = YES;
				CLANG_WARN_COMMA = YES;
				CLANG_WARN_CONSTANT_CONVERSION = YES;
				CLANG_WARN_DEPRECATED_OBJC_IMPLEMENTATIONS = YES;
				CLANG_WARN_DIRECT_OBJC_ISA_USAGE = YES_ERROR;
				CLANG_WARN_DOCUMENTATION_COMMENTS = YES;
				CLANG_WARN_EMPTY_BODY = YES;
				CLANG_WARN_ENUM_CONVERSION = YES;
				CLANG_WARN_INFINITE_RECURSION = YES;
				CLANG_WARN_INT_CONVERSION = YES;
				CLANG_WARN_NON_LITERAL_NULL_CONVERSION = YES;
				CLANG_WARN_OBJC_IMPLICIT_RETAIN_SELF = YES;
				CLANG_WARN_OBJC_LITERAL_CONVERSION = YES;
				CLANG_WARN_OBJC_ROOT_CLASS = YES_ERROR;
				CLANG_WARN_QUOTED_INCLUDE_IN_FRAMEWORK_HEADER = YES;
				CLANG_WARN_RANGE_LOOP_ANALYSIS = YES;
				CLANG_WARN_STRICT_PROTOTYPES = YES;
				CLANG_WARN_SUSPICIOUS_MOVE = YES;
				CLANG_WARN_UNGUARDED_AVAILABILITY = YES_AGGRESSIVE;
				CLANG_WARN_UNREACHABLE_CODE = YES;
				CLANG_WARN__DUPLICATE_METHOD_MATCH = YES;
				COPY_PHASE_STRIP = NO;
				DEAD_CODE_STRIPPING = YES;
				DEBUG_INFORMATION_FORMAT = "dwarf-with-dsym";
				ENABLE_NS_ASSERTIONS = NO;
				ENABLE_STRICT_OBJC_MSGSEND = YES;
				ENABLE_USER_SCRIPT_SANDBOXING = YES;
				GCC_C_LANGUAGE_STANDARD = gnu17;
				GCC_NO_COMMON_BLOCKS = YES;
				GCC_WARN_64_TO_32_BIT_CONVERSION = YES;
				GCC_WARN_ABOUT_RETURN_TYPE = YES_ERROR;
				GCC_WARN_UNDECLARED_SELECTOR = YES;
				GCC_WARN_UNINITIALIZED_AUTOS = YES_AGGRESSIVE;
				GCC_WARN_UNUSED_FUNCTION = YES;
				GCC_WARN_UNUSED_VARIABLE = YES;
				LOCALIZATION_PREFERS_STRING_CATALOGS = YES;
				MTL_ENABLE_DEBUG_INFO = NO;
				MTL_FAST_MATH = YES;
				SWIFT_COMPILATION_MODE = wholemodule;
			};
			name = Release;
		};
		FE2C81C72BEF1CED000E1EE1 /* Debug */ = {
			isa = XCBuildConfiguration;
			buildSettings = {
				ALWAYS_EMBED_SWIFT_STANDARD_LIBRARIES = YES;
				ASSETCATALOG_COMPILER_APPICON_NAME = AppIcon;
				ASSETCATALOG_COMPILER_GLOBAL_ACCENT_COLOR_NAME = AccentColor;
				CODE_SIGN_ENTITLEMENTS = Whenplane/Whenplane.entitlements;
				CODE_SIGN_STYLE = Automatic;
				CURRENT_PROJECT_VERSION = 1;
				DEAD_CODE_STRIPPING = YES;
				DEVELOPMENT_ASSET_PATHS = "\"Whenplane/Preview Content\"";
				DEVELOPMENT_TEAM = 8F4796397Y;
				ENABLE_HARDENED_RUNTIME = YES;
				ENABLE_PREVIEWS = YES;
				GENERATE_INFOPLIST_FILE = YES;
				INFOPLIST_FILE = Whenplane/Info.plist;
				INFOPLIST_KEY_CFBundleDisplayName = Whenplane;
				INFOPLIST_KEY_LSApplicationCategoryType = "public.app-category.utilities";
				"INFOPLIST_KEY_UIApplicationSceneManifest_Generation[sdk=iphoneos*]" = YES;
				"INFOPLIST_KEY_UIApplicationSceneManifest_Generation[sdk=iphonesimulator*]" = YES;
				"INFOPLIST_KEY_UIApplicationSupportsIndirectInputEvents[sdk=iphoneos*]" = YES;
				"INFOPLIST_KEY_UIApplicationSupportsIndirectInputEvents[sdk=iphonesimulator*]" = YES;
				"INFOPLIST_KEY_UILaunchScreen_Generation[sdk=iphoneos*]" = YES;
				"INFOPLIST_KEY_UILaunchScreen_Generation[sdk=iphonesimulator*]" = YES;
				"INFOPLIST_KEY_UIStatusBarStyle[sdk=iphoneos*]" = UIStatusBarStyleDefault;
				"INFOPLIST_KEY_UIStatusBarStyle[sdk=iphonesimulator*]" = UIStatusBarStyleDefault;
				INFOPLIST_KEY_UISupportedInterfaceOrientations_iPad = "UIInterfaceOrientationPortrait UIInterfaceOrientationPortraitUpsideDown UIInterfaceOrientationLandscapeLeft UIInterfaceOrientationLandscapeRight";
				INFOPLIST_KEY_UISupportedInterfaceOrientations_iPhone = "UIInterfaceOrientationPortrait UIInterfaceOrientationLandscapeLeft UIInterfaceOrientationLandscapeRight";
				IPHONEOS_DEPLOYMENT_TARGET = 17.4;
				LD_RUNPATH_SEARCH_PATHS = "@executable_path/Frameworks";
				"LD_RUNPATH_SEARCH_PATHS[sdk=macosx*]" = "@executable_path/../Frameworks";
				MACOSX_DEPLOYMENT_TARGET = 14.4;
				MARKETING_VERSION = 1.0;
				PRODUCT_BUNDLE_IDENTIFIER = me.morash.Whenplane;
				PRODUCT_NAME = "$(TARGET_NAME)";
				SDKROOT = auto;
				SUPPORTED_PLATFORMS = macosx;
				SUPPORTS_MACCATALYST = NO;
				SUPPORTS_MAC_DESIGNED_FOR_IPHONE_IPAD = NO;
				SUPPORTS_XR_DESIGNED_FOR_IPHONE_IPAD = NO;
				SWIFT_EMIT_LOC_STRINGS = YES;
				SWIFT_VERSION = 5.0;
			};
			name = Debug;
		};
		FE2C81C82BEF1CED000E1EE1 /* Release */ = {
			isa = XCBuildConfiguration;
			buildSettings = {
				ALWAYS_EMBED_SWIFT_STANDARD_LIBRARIES = YES;
				ASSETCATALOG_COMPILER_APPICON_NAME = AppIcon;
				ASSETCATALOG_COMPILER_GLOBAL_ACCENT_COLOR_NAME = AccentColor;
				CODE_SIGN_ENTITLEMENTS = Whenplane/Whenplane.entitlements;
				CODE_SIGN_STYLE = Automatic;
				CURRENT_PROJECT_VERSION = 1;
				DEAD_CODE_STRIPPING = YES;
				DEVELOPMENT_ASSET_PATHS = "\"Whenplane/Preview Content\"";
				DEVELOPMENT_TEAM = 8F4796397Y;
				ENABLE_HARDENED_RUNTIME = YES;
				ENABLE_PREVIEWS = YES;
				GENERATE_INFOPLIST_FILE = YES;
				INFOPLIST_FILE = Whenplane/Info.plist;
				INFOPLIST_KEY_CFBundleDisplayName = Whenplane;
				INFOPLIST_KEY_LSApplicationCategoryType = "public.app-category.utilities";
				"INFOPLIST_KEY_UIApplicationSceneManifest_Generation[sdk=iphoneos*]" = YES;
				"INFOPLIST_KEY_UIApplicationSceneManifest_Generation[sdk=iphonesimulator*]" = YES;
				"INFOPLIST_KEY_UIApplicationSupportsIndirectInputEvents[sdk=iphoneos*]" = YES;
				"INFOPLIST_KEY_UIApplicationSupportsIndirectInputEvents[sdk=iphonesimulator*]" = YES;
				"INFOPLIST_KEY_UILaunchScreen_Generation[sdk=iphoneos*]" = YES;
				"INFOPLIST_KEY_UILaunchScreen_Generation[sdk=iphonesimulator*]" = YES;
				"INFOPLIST_KEY_UIStatusBarStyle[sdk=iphoneos*]" = UIStatusBarStyleDefault;
				"INFOPLIST_KEY_UIStatusBarStyle[sdk=iphonesimulator*]" = UIStatusBarStyleDefault;
				INFOPLIST_KEY_UISupportedInterfaceOrientations_iPad = "UIInterfaceOrientationPortrait UIInterfaceOrientationPortraitUpsideDown UIInterfaceOrientationLandscapeLeft UIInterfaceOrientationLandscapeRight";
				INFOPLIST_KEY_UISupportedInterfaceOrientations_iPhone = "UIInterfaceOrientationPortrait UIInterfaceOrientationLandscapeLeft UIInterfaceOrientationLandscapeRight";
				IPHONEOS_DEPLOYMENT_TARGET = 17.4;
				LD_RUNPATH_SEARCH_PATHS = "@executable_path/Frameworks";
				"LD_RUNPATH_SEARCH_PATHS[sdk=macosx*]" = "@executable_path/../Frameworks";
				MACOSX_DEPLOYMENT_TARGET = 14.4;
				MARKETING_VERSION = 1.0;
				PRODUCT_BUNDLE_IDENTIFIER = me.morash.Whenplane;
				PRODUCT_NAME = "$(TARGET_NAME)";
				SDKROOT = auto;
				SUPPORTED_PLATFORMS = macosx;
				SUPPORTS_MACCATALYST = NO;
				SUPPORTS_MAC_DESIGNED_FOR_IPHONE_IPAD = NO;
				SUPPORTS_XR_DESIGNED_FOR_IPHONE_IPAD = NO;
				SWIFT_EMIT_LOC_STRINGS = YES;
				SWIFT_VERSION = 5.0;
			};
			name = Release;
		};
		FEED57292BF8513700CD786E /* Debug */ = {
			isa = XCBuildConfiguration;
			buildSettings = {
				ASSETCATALOG_COMPILER_APPICON_NAME = AppIcon;
				ASSETCATALOG_COMPILER_GLOBAL_ACCENT_COLOR_NAME = AccentColor;
				CODE_SIGN_ENTITLEMENTS = Whenplane/Whenplane.entitlements;
				CODE_SIGN_STYLE = Automatic;
				CURRENT_PROJECT_VERSION = 1;
				DEAD_CODE_STRIPPING = YES;
				DEVELOPMENT_ASSET_PATHS = "\"Whenplane/Preview Content\"";
				DEVELOPMENT_TEAM = 8F4796397Y;
				ENABLE_HARDENED_RUNTIME = YES;
				ENABLE_PREVIEWS = YES;
				GENERATE_INFOPLIST_FILE = YES;
				INFOPLIST_FILE = "Whenplane copy-Info.plist";
				INFOPLIST_KEY_CFBundleDisplayName = Whenplane;
				INFOPLIST_KEY_LSApplicationCategoryType = "public.app-category.utilities";
				"INFOPLIST_KEY_UIApplicationSceneManifest_Generation[sdk=iphoneos*]" = YES;
				"INFOPLIST_KEY_UIApplicationSceneManifest_Generation[sdk=iphonesimulator*]" = YES;
				"INFOPLIST_KEY_UIApplicationSupportsIndirectInputEvents[sdk=iphoneos*]" = YES;
				"INFOPLIST_KEY_UIApplicationSupportsIndirectInputEvents[sdk=iphonesimulator*]" = YES;
				"INFOPLIST_KEY_UILaunchScreen_Generation[sdk=iphoneos*]" = YES;
				"INFOPLIST_KEY_UILaunchScreen_Generation[sdk=iphonesimulator*]" = YES;
				"INFOPLIST_KEY_UIStatusBarStyle[sdk=iphoneos*]" = UIStatusBarStyleDefault;
				"INFOPLIST_KEY_UIStatusBarStyle[sdk=iphonesimulator*]" = UIStatusBarStyleDefault;
				INFOPLIST_KEY_UISupportedInterfaceOrientations_iPad = "UIInterfaceOrientationPortrait UIInterfaceOrientationPortraitUpsideDown UIInterfaceOrientationLandscapeLeft UIInterfaceOrientationLandscapeRight";
				INFOPLIST_KEY_UISupportedInterfaceOrientations_iPhone = "UIInterfaceOrientationPortrait UIInterfaceOrientationLandscapeLeft UIInterfaceOrientationLandscapeRight";
				IPHONEOS_DEPLOYMENT_TARGET = 17.4;
				LD_RUNPATH_SEARCH_PATHS = "@executable_path/Frameworks";
				"LD_RUNPATH_SEARCH_PATHS[sdk=macosx*]" = "@executable_path/../Frameworks";
				MACOSX_DEPLOYMENT_TARGET = 14.4;
				MARKETING_VERSION = 1.0;
				PRODUCT_BUNDLE_IDENTIFIER = me.morash.Whenplane;
				PRODUCT_NAME = "$(TARGET_NAME)";
				SDKROOT = auto;
				SUPPORTED_PLATFORMS = macosx;
				SUPPORTS_MACCATALYST = NO;
				SUPPORTS_MAC_DESIGNED_FOR_IPHONE_IPAD = NO;
				SUPPORTS_XR_DESIGNED_FOR_IPHONE_IPAD = NO;
				SWIFT_EMIT_LOC_STRINGS = YES;
				SWIFT_VERSION = 5.0;
			};
			name = Debug;
		};
		FEED572A2BF8513700CD786E /* Release */ = {
			isa = XCBuildConfiguration;
			buildSettings = {
				ASSETCATALOG_COMPILER_APPICON_NAME = AppIcon;
				ASSETCATALOG_COMPILER_GLOBAL_ACCENT_COLOR_NAME = AccentColor;
				CODE_SIGN_ENTITLEMENTS = Whenplane/Whenplane.entitlements;
				CODE_SIGN_STYLE = Automatic;
				CURRENT_PROJECT_VERSION = 1;
				DEAD_CODE_STRIPPING = YES;
				DEVELOPMENT_ASSET_PATHS = "\"Whenplane/Preview Content\"";
				DEVELOPMENT_TEAM = 8F4796397Y;
				ENABLE_HARDENED_RUNTIME = YES;
				ENABLE_PREVIEWS = YES;
				GENERATE_INFOPLIST_FILE = YES;
				INFOPLIST_FILE = "Whenplane copy-Info.plist";
				INFOPLIST_KEY_CFBundleDisplayName = Whenplane;
				INFOPLIST_KEY_LSApplicationCategoryType = "public.app-category.utilities";
				"INFOPLIST_KEY_UIApplicationSceneManifest_Generation[sdk=iphoneos*]" = YES;
				"INFOPLIST_KEY_UIApplicationSceneManifest_Generation[sdk=iphonesimulator*]" = YES;
				"INFOPLIST_KEY_UIApplicationSupportsIndirectInputEvents[sdk=iphoneos*]" = YES;
				"INFOPLIST_KEY_UIApplicationSupportsIndirectInputEvents[sdk=iphonesimulator*]" = YES;
				"INFOPLIST_KEY_UILaunchScreen_Generation[sdk=iphoneos*]" = YES;
				"INFOPLIST_KEY_UILaunchScreen_Generation[sdk=iphonesimulator*]" = YES;
				"INFOPLIST_KEY_UIStatusBarStyle[sdk=iphoneos*]" = UIStatusBarStyleDefault;
				"INFOPLIST_KEY_UIStatusBarStyle[sdk=iphonesimulator*]" = UIStatusBarStyleDefault;
				INFOPLIST_KEY_UISupportedInterfaceOrientations_iPad = "UIInterfaceOrientationPortrait UIInterfaceOrientationPortraitUpsideDown UIInterfaceOrientationLandscapeLeft UIInterfaceOrientationLandscapeRight";
				INFOPLIST_KEY_UISupportedInterfaceOrientations_iPhone = "UIInterfaceOrientationPortrait UIInterfaceOrientationLandscapeLeft UIInterfaceOrientationLandscapeRight";
				IPHONEOS_DEPLOYMENT_TARGET = 17.4;
				LD_RUNPATH_SEARCH_PATHS = "@executable_path/Frameworks";
				"LD_RUNPATH_SEARCH_PATHS[sdk=macosx*]" = "@executable_path/../Frameworks";
				MACOSX_DEPLOYMENT_TARGET = 14.4;
				MARKETING_VERSION = 1.0;
				PRODUCT_BUNDLE_IDENTIFIER = me.morash.Whenplane;
				PRODUCT_NAME = "$(TARGET_NAME)";
				SDKROOT = auto;
				SUPPORTED_PLATFORMS = macosx;
				SUPPORTS_MACCATALYST = NO;
				SUPPORTS_MAC_DESIGNED_FOR_IPHONE_IPAD = NO;
				SUPPORTS_XR_DESIGNED_FOR_IPHONE_IPAD = NO;
				SWIFT_EMIT_LOC_STRINGS = YES;
				SWIFT_VERSION = 5.0;
			};
			name = Release;
		};
		FEED573C2BF8515A00CD786E /* Debug */ = {
			isa = XCBuildConfiguration;
			buildSettings = {
				CODE_SIGN_ENTITLEMENTS = "Whenplane Web Extension/Whenplane_Web_Extension.entitlements";
				CODE_SIGN_STYLE = Automatic;
				CURRENT_PROJECT_VERSION = 1;
				DEVELOPMENT_TEAM = 8F4796397Y;
				ENABLE_HARDENED_RUNTIME = YES;
				GENERATE_INFOPLIST_FILE = YES;
				INFOPLIST_FILE = "Whenplane Web Extension (macOS) copy-Info.plist";
				INFOPLIST_KEY_CFBundleDisplayName = "Whenplane Web Extension";
				INFOPLIST_KEY_NSHumanReadableCopyright = "";
				LD_RUNPATH_SEARCH_PATHS = (
					"$(inherited)",
					"@executable_path/../Frameworks",
					"@executable_path/../../../../Frameworks",
				);
				MACOSX_DEPLOYMENT_TARGET = 14.5;
				MARKETING_VERSION = 1.0;
				OTHER_LDFLAGS = (
					"-framework",
					SafariServices,
				);
				PRODUCT_BUNDLE_IDENTIFIER = "me.morash.Whenplane.Whenplane-Web-Extension";
				PRODUCT_NAME = "$(TARGET_NAME)";
				SDKROOT = macosx;
				SKIP_INSTALL = YES;
				SWIFT_EMIT_LOC_STRINGS = YES;
				SWIFT_VERSION = 5.0;
			};
			name = Debug;
		};
		FEED573D2BF8515A00CD786E /* Release */ = {
			isa = XCBuildConfiguration;
			buildSettings = {
				CODE_SIGN_ENTITLEMENTS = "Whenplane Web Extension/Whenplane_Web_Extension.entitlements";
				CODE_SIGN_STYLE = Automatic;
				CURRENT_PROJECT_VERSION = 1;
				DEVELOPMENT_TEAM = 8F4796397Y;
				ENABLE_HARDENED_RUNTIME = YES;
				GENERATE_INFOPLIST_FILE = YES;
				INFOPLIST_FILE = "Whenplane Web Extension (macOS) copy-Info.plist";
				INFOPLIST_KEY_CFBundleDisplayName = "Whenplane Web Extension";
				INFOPLIST_KEY_NSHumanReadableCopyright = "";
				LD_RUNPATH_SEARCH_PATHS = (
					"$(inherited)",
					"@executable_path/../Frameworks",
					"@executable_path/../../../../Frameworks",
				);
				MACOSX_DEPLOYMENT_TARGET = 14.5;
				MARKETING_VERSION = 1.0;
				OTHER_LDFLAGS = (
					"-framework",
					SafariServices,
				);
				PRODUCT_BUNDLE_IDENTIFIER = "me.morash.Whenplane.Whenplane-Web-Extension";
				PRODUCT_NAME = "$(TARGET_NAME)";
				SDKROOT = macosx;
				SKIP_INSTALL = YES;
				SWIFT_EMIT_LOC_STRINGS = YES;
				SWIFT_VERSION = 5.0;
			};
			name = Release;
		};
/* End XCBuildConfiguration section */

/* Begin XCConfigurationList section */
		FE0B4DD22BF8433E00FFDEAD /* Build configuration list for PBXNativeTarget "Whenplane Web Extension (macOS)" */ = {
			isa = XCConfigurationList;
			buildConfigurations = (
				FE0B4DD02BF8433E00FFDEAD /* Debug */,
				FE0B4DD12BF8433E00FFDEAD /* Release */,
			);
			defaultConfigurationIsVisible = 0;
			defaultConfigurationName = Release;
		};
		FE2C81B22BEF1CE9000E1EE1 /* Build configuration list for PBXProject "Whenplane" */ = {
			isa = XCConfigurationList;
			buildConfigurations = (
				FE2C81C42BEF1CED000E1EE1 /* Debug */,
				FE2C81C52BEF1CED000E1EE1 /* Release */,
			);
			defaultConfigurationIsVisible = 0;
			defaultConfigurationName = Release;
		};
		FE2C81C62BEF1CED000E1EE1 /* Build configuration list for PBXNativeTarget "Whenplane (macOS)" */ = {
			isa = XCConfigurationList;
			buildConfigurations = (
				FE2C81C72BEF1CED000E1EE1 /* Debug */,
				FE2C81C82BEF1CED000E1EE1 /* Release */,
			);
			defaultConfigurationIsVisible = 0;
			defaultConfigurationName = Release;
		};
		FEED57282BF8513700CD786E /* Build configuration list for PBXNativeTarget "Whenplane (iOS)" */ = {
			isa = XCConfigurationList;
			buildConfigurations = (
				FEED57292BF8513700CD786E /* Debug */,
				FEED572A2BF8513700CD786E /* Release */,
			);
			defaultConfigurationIsVisible = 0;
			defaultConfigurationName = Release;
		};
		FEED573B2BF8515A00CD786E /* Build configuration list for PBXNativeTarget "Whenplane Web Extension (iOS)" */ = {
			isa = XCConfigurationList;
			buildConfigurations = (
				FEED573C2BF8515A00CD786E /* Debug */,
				FEED573D2BF8515A00CD786E /* Release */,
			);
			defaultConfigurationIsVisible = 0;
			defaultConfigurationName = Release;
		};
/* End XCConfigurationList section */
	};
	rootObject = FE2C81AF2BEF1CE9000E1EE1 /* Project object */;
}
